
Microsoft Visual Studio Solution File, Format Version 12.00
# Visual Studio 15
VisualStudioVersion = 15.0.27428.2015
MinimumVisualStudioVersion = 10.0.40219.1
Project("{FAE04EC0-301F-11D3-BF4B-00C04F79EFBC}") = "Auditoria", "Auditoria\Auditoria.csproj", "{D956C356-B820-4EC8-8ED2-28670150FCB9}"
EndProject
Global
	GlobalSection(SolutionConfigurationPlatforms) = preSolution
		Debug|Any CPU = Debug|Any CPU
		Release|Any CPU = Release|Any CPU
	EndGlobalSection
	GlobalSection(ProjectConfigurationPlatforms) = postSolution
		{D956C356-B820-4EC8-8ED2-28670150FCB9}.Debug|Any CPU.ActiveCfg = Debug|Any CPU
		{D956C356-B820-4EC8-8ED2-28670150FCB9}.Debug|Any CPU.Build.0 = Debug|Any CPU
		{D956C356-B820-4EC8-8ED2-28670150FCB9}.Release|Any CPU.ActiveCfg = Release|Any CPU
		{D956C356-B820-4EC8-8ED2-28670150FCB9}.Release|Any CPU.Build.0 = Release|Any CPU
	EndGlobalSection
	GlobalSection(SolutionProperties) = preSolution
		HideSolutionNode = FALSE
	EndGlobalSection
	GlobalSection(ExtensibilityGlobals) = postSolution
		SolutionGuid = {68BE4050-C029-4068-9354-280EE5EC1167}
	EndGlobalSection
EndGlobal
